
Microsoft Visual Studio Solution File, Format Version 12.00
# Visual Studio Version 17
VisualStudioVersion = 17.14.36705.20
MinimumVisualStudioVersion = 10.0.40219.1
Project("{2150E333-8FDC-42A3-9474-1A3956D46DE8}") = "FrontEnd", "FrontEnd", "{02EA681E-C7D8-13C7-8484-4AC65E1B71E8}"
EndProject
Project("{2150E333-8FDC-42A3-9474-1A3956D46DE8}") = "Gateway", "Gateway", "{A8630ACB-F740-4DE7-A3CF-ED340D617799}"
EndProject
Project("{2150E333-8FDC-42A3-9474-1A3956D46DE8}") = "Services", "Services", "{92FA6390-3067-4E2E-9C87-8468500EB97D}"
EndProject
Project("{2150E333-8FDC-42A3-9474-1A3956D46DE8}") = "BackEnd", "BackEnd", "{BB9438EF-D0AC-4B9B-B077-09805A40E9FA}"
EndProject
Project("{FAE04EC0-301F-11D3-BF4B-00C04F79EFBC}") = "api-gateway", "src\api-gateway\api-gateway.csproj", "{D9B0EBCF-E6C1-C7A2-54BE-81E85CB4089D}"
EndProject
Project("{FAE04EC0-301F-11D3-BF4B-00C04F79EFBC}") = "AuthService", "src\BackEnd\Services\AuthService\AuthService.csproj", "{7C7637AE-932D-64DC-D964-F673493CE8D8}"
EndProject
Project("{FAE04EC0-301F-11D3-BF4B-00C04F79EFBC}") = "CategoriaService", "src\BackEnd\Services\CategoriaService\CategoriaService.csproj", "{239D8429-4164-449A-A22D-F20AF1905739}"
EndProject
Project("{FAE04EC0-301F-11D3-BF4B-00C04F79EFBC}") = "DespesaService", "src\BackEnd\Services\DespesaService\DespesaService.csproj", "{CB911DB7-18F4-DEBB-6127-41908B9F3E39}"
EndProject
Project("{FAE04EC0-301F-11D3-BF4B-00C04F79EFBC}") = "ReceitaService", "src\BackEnd\Services\ReceitaService\ReceitaService.csproj", "{CDADEF3A-FA5F-A4B1-E364-95941D6B8791}"
EndProject
Project("{FAE04EC0-301F-11D3-BF4B-00C04F79EFBC}") = "Application", "src\BackEnd\Application\Application.csproj", "{92CC2177-C279-B1F5-ECD7-E50FD8D45726}"
EndProject
Project("{FAE04EC0-301F-11D3-BF4B-00C04F79EFBC}") = "CrossCutting", "src\BackEnd\CrossCutting\CrossCutting.csproj", "{16ADF3A5-BDB3-87AA-A117-78E01BF50E34}"
EndProject
Project("{FAE04EC0-301F-11D3-BF4B-00C04F79EFBC}") = "Domain", "src\BackEnd\Domain\Domain.csproj", "{83A6183D-9B90-1D62-1F95-616F543FB326}"
EndProject
Project("{FAE04EC0-301F-11D3-BF4B-00C04F79EFBC}") = "GlobalException", "src\BackEnd\GlobalException\GlobalException.csproj", "{030C88E9-EC06-8228-EE7C-15A595718D1E}"
EndProject
Project("{FAE04EC0-301F-11D3-BF4B-00C04F79EFBC}") = "Infrastructure", "src\BackEnd\Infrastructure\Infrastructure.csproj", "{1C2D66CE-DFCB-082C-FC3E-0348A484955F}"
EndProject
Project("{FAE04EC0-301F-11D3-BF4B-00C04F79EFBC}") = "Migrations.DataSeeders", "src\BackEnd\Migrations.DataSeeders\Migrations.DataSeeders.csproj", "{08BD502F-1033-284C-AFE3-358918E74817}"
EndProject
Project("{FAE04EC0-301F-11D3-BF4B-00C04F79EFBC}") = "Migrations.MySqlServer", "src\BackEnd\Migrations.MySqlServer\Migrations.MySqlServer.csproj", "{48EF2720-DC73-FC55-E65F-67EBDE95CA63}"
EndProject
Project("{FAE04EC0-301F-11D3-BF4B-00C04F79EFBC}") = "Repository", "src\BackEnd\Repository\Repository.csproj", "{E1F63908-2421-7EE3-453C-9E52408D3C3E}"
EndProject
Project("{FAE04EC0-301F-11D3-BF4B-00C04F79EFBC}") = "Repository.Mapping", "src\BackEnd\Repository.Mapping\Repository.Mapping.csproj", "{FC41E435-9A78-DDE6-40BD-78FF8167AF06}"
EndProject
Project("{54A90642-561A-4BB1-A94E-469ADEE60C69}") = "AngularApp", "src\FrontEnd\AngularApp.esproj", "{588DBC0A-7C58-45CA-8246-C8FE4A6127C9}"
EndProject
Project("{E53339B2-1760-4266-BCC7-CA923CBCF16C}") = "docker-compose", "docker-compose.dcproj", "{7900F85A-9B75-409E-96B7-6FB47F630975}"
EndProject
Global
	GlobalSection(SolutionConfigurationPlatforms) = preSolution
		Debug|Any CPU = Debug|Any CPU
		Release|Any CPU = Release|Any CPU
	EndGlobalSection
	GlobalSection(ProjectConfigurationPlatforms) = postSolution
		{D9B0EBCF-E6C1-C7A2-54BE-81E85CB4089D}.Debug|Any CPU.ActiveCfg = Debug|Any CPU
		{D9B0EBCF-E6C1-C7A2-54BE-81E85CB4089D}.Debug|Any CPU.Build.0 = Debug|Any CPU
		{D9B0EBCF-E6C1-C7A2-54BE-81E85CB4089D}.Release|Any CPU.ActiveCfg = Release|Any CPU
		{D9B0EBCF-E6C1-C7A2-54BE-81E85CB4089D}.Release|Any CPU.Build.0 = Release|Any CPU
		{7C7637AE-932D-64DC-D964-F673493CE8D8}.Debug|Any CPU.ActiveCfg = Debug|Any CPU
		{7C7637AE-932D-64DC-D964-F673493CE8D8}.Debug|Any CPU.Build.0 = Debug|Any CPU
		{7C7637AE-932D-64DC-D964-F673493CE8D8}.Release|Any CPU.ActiveCfg = Release|Any CPU
		{7C7637AE-932D-64DC-D964-F673493CE8D8}.Release|Any CPU.Build.0 = Release|Any CPU
		{239D8429-4164-449A-A22D-F20AF1905739}.Debug|Any CPU.ActiveCfg = Debug|Any CPU
		{239D8429-4164-449A-A22D-F20AF1905739}.Debug|Any CPU.Build.0 = Debug|Any CPU
		{239D8429-4164-449A-A22D-F20AF1905739}.Release|Any CPU.ActiveCfg = Release|Any CPU
		{239D8429-4164-449A-A22D-F20AF1905739}.Release|Any CPU.Build.0 = Release|Any CPU
		{CB911DB7-18F4-DEBB-6127-41908B9F3E39}.Debug|Any CPU.ActiveCfg = Debug|Any CPU
		{CB911DB7-18F4-DEBB-6127-41908B9F3E39}.Debug|Any CPU.Build.0 = Debug|Any CPU
		{CB911DB7-18F4-DEBB-6127-41908B9F3E39}.Release|Any CPU.ActiveCfg = Release|Any CPU
		{CB911DB7-18F4-DEBB-6127-41908B9F3E39}.Release|Any CPU.Build.0 = Release|Any CPU
		{CDADEF3A-FA5F-A4B1-E364-95941D6B8791}.Debug|Any CPU.ActiveCfg = Debug|Any CPU
		{CDADEF3A-FA5F-A4B1-E364-95941D6B8791}.Debug|Any CPU.Build.0 = Debug|Any CPU
		{CDADEF3A-FA5F-A4B1-E364-95941D6B8791}.Release|Any CPU.ActiveCfg = Release|Any CPU
		{CDADEF3A-FA5F-A4B1-E364-95941D6B8791}.Release|Any CPU.Build.0 = Release|Any CPU
		{92CC2177-C279-B1F5-ECD7-E50FD8D45726}.Debug|Any CPU.ActiveCfg = Debug|Any CPU
		{92CC2177-C279-B1F5-ECD7-E50FD8D45726}.Debug|Any CPU.Build.0 = Debug|Any CPU
		{92CC2177-C279-B1F5-ECD7-E50FD8D45726}.Release|Any CPU.ActiveCfg = Release|Any CPU
		{92CC2177-C279-B1F5-ECD7-E50FD8D45726}.Release|Any CPU.Build.0 = Release|Any CPU
		{16ADF3A5-BDB3-87AA-A117-78E01BF50E34}.Debug|Any CPU.ActiveCfg = Debug|Any CPU
		{16ADF3A5-BDB3-87AA-A117-78E01BF50E34}.Debug|Any CPU.Build.0 = Debug|Any CPU
		{16ADF3A5-BDB3-87AA-A117-78E01BF50E34}.Release|Any CPU.ActiveCfg = Release|Any CPU
		{16ADF3A5-BDB3-87AA-A117-78E01BF50E34}.Release|Any CPU.Build.0 = Release|Any CPU
		{83A6183D-9B90-1D62-1F95-616F543FB326}.Debug|Any CPU.ActiveCfg = Debug|Any CPU
		{83A6183D-9B90-1D62-1F95-616F543FB326}.Debug|Any CPU.Build.0 = Debug|Any CPU
		{83A6183D-9B90-1D62-1F95-616F543FB326}.Release|Any CPU.ActiveCfg = Release|Any CPU
		{83A6183D-9B90-1D62-1F95-616F543FB326}.Release|Any CPU.Build.0 = Release|Any CPU
		{030C88E9-EC06-8228-EE7C-15A595718D1E}.Debug|Any CPU.ActiveCfg = Debug|Any CPU
		{030C88E9-EC06-8228-EE7C-15A595718D1E}.Debug|Any CPU.Build.0 = Debug|Any CPU
		{030C88E9-EC06-8228-EE7C-15A595718D1E}.Release|Any CPU.ActiveCfg = Release|Any CPU
		{030C88E9-EC06-8228-EE7C-15A595718D1E}.Release|Any CPU.Build.0 = Release|Any CPU
		{1C2D66CE-DFCB-082C-FC3E-0348A484955F}.Debug|Any CPU.ActiveCfg = Debug|Any CPU
		{1C2D66CE-DFCB-082C-FC3E-0348A484955F}.Debug|Any CPU.Build.0 = Debug|Any CPU
		{1C2D66CE-DFCB-082C-FC3E-0348A484955F}.Release|Any CPU.ActiveCfg = Release|Any CPU
		{1C2D66CE-DFCB-082C-FC3E-0348A484955F}.Release|Any CPU.Build.0 = Release|Any CPU
		{08BD502F-1033-284C-AFE3-358918E74817}.Debug|Any CPU.ActiveCfg = Debug|Any CPU
		{08BD502F-1033-284C-AFE3-358918E74817}.Debug|Any CPU.Build.0 = Debug|Any CPU
		{08BD502F-1033-284C-AFE3-358918E74817}.Release|Any CPU.ActiveCfg = Release|Any CPU
		{08BD502F-1033-284C-AFE3-358918E74817}.Release|Any CPU.Build.0 = Release|Any CPU
		{48EF2720-DC73-FC55-E65F-67EBDE95CA63}.Debug|Any CPU.ActiveCfg = Debug|Any CPU
		{48EF2720-DC73-FC55-E65F-67EBDE95CA63}.Debug|Any CPU.Build.0 = Debug|Any CPU
		{48EF2720-DC73-FC55-E65F-67EBDE95CA63}.Release|Any CPU.ActiveCfg = Release|Any CPU
		{48EF2720-DC73-FC55-E65F-67EBDE95CA63}.Release|Any CPU.Build.0 = Release|Any CPU
		{E1F63908-2421-7EE3-453C-9E52408D3C3E}.Debug|Any CPU.ActiveCfg = Debug|Any CPU
		{E1F63908-2421-7EE3-453C-9E52408D3C3E}.Debug|Any CPU.Build.0 = Debug|Any CPU
		{E1F63908-2421-7EE3-453C-9E52408D3C3E}.Release|Any CPU.ActiveCfg = Release|Any CPU
		{E1F63908-2421-7EE3-453C-9E52408D3C3E}.Release|Any CPU.Build.0 = Release|Any CPU
		{FC41E435-9A78-DDE6-40BD-78FF8167AF06}.Debug|Any CPU.ActiveCfg = Debug|Any CPU
		{FC41E435-9A78-DDE6-40BD-78FF8167AF06}.Debug|Any CPU.Build.0 = Debug|Any CPU
		{FC41E435-9A78-DDE6-40BD-78FF8167AF06}.Release|Any CPU.ActiveCfg = Release|Any CPU
		{FC41E435-9A78-DDE6-40BD-78FF8167AF06}.Release|Any CPU.Build.0 = Release|Any CPU
		{588DBC0A-7C58-45CA-8246-C8FE4A6127C9}.Debug|Any CPU.ActiveCfg = Debug|Any CPU
		{588DBC0A-7C58-45CA-8246-C8FE4A6127C9}.Debug|Any CPU.Build.0 = Debug|Any CPU
		{588DBC0A-7C58-45CA-8246-C8FE4A6127C9}.Debug|Any CPU.Deploy.0 = Debug|Any CPU
		{588DBC0A-7C58-45CA-8246-C8FE4A6127C9}.Release|Any CPU.ActiveCfg = Release|Any CPU
		{588DBC0A-7C58-45CA-8246-C8FE4A6127C9}.Release|Any CPU.Build.0 = Release|Any CPU
		{588DBC0A-7C58-45CA-8246-C8FE4A6127C9}.Release|Any CPU.Deploy.0 = Release|Any CPU
		{7900F85A-9B75-409E-96B7-6FB47F630975}.Debug|Any CPU.ActiveCfg = Debug|Any CPU
		{7900F85A-9B75-409E-96B7-6FB47F630975}.Debug|Any CPU.Build.0 = Debug|Any CPU
		{7900F85A-9B75-409E-96B7-6FB47F630975}.Release|Any CPU.ActiveCfg = Release|Any CPU
		{7900F85A-9B75-409E-96B7-6FB47F630975}.Release|Any CPU.Build.0 = Release|Any CPU
	EndGlobalSection
	GlobalSection(SolutionProperties) = preSolution
		HideSolutionNode = FALSE
	EndGlobalSection
	GlobalSection(NestedProjects) = preSolution
		{D9B0EBCF-E6C1-C7A2-54BE-81E85CB4089D} = {A8630ACB-F740-4DE7-A3CF-ED340D617799}
		{7C7637AE-932D-64DC-D964-F673493CE8D8} = {92FA6390-3067-4E2E-9C87-8468500EB97D}
		{239D8429-4164-449A-A22D-F20AF1905739} = {92FA6390-3067-4E2E-9C87-8468500EB97D}
		{CB911DB7-18F4-DEBB-6127-41908B9F3E39} = {92FA6390-3067-4E2E-9C87-8468500EB97D}
		{CDADEF3A-FA5F-A4B1-E364-95941D6B8791} = {92FA6390-3067-4E2E-9C87-8468500EB97D}
		{92CC2177-C279-B1F5-ECD7-E50FD8D45726} = {BB9438EF-D0AC-4B9B-B077-09805A40E9FA}
		{16ADF3A5-BDB3-87AA-A117-78E01BF50E34} = {BB9438EF-D0AC-4B9B-B077-09805A40E9FA}
		{83A6183D-9B90-1D62-1F95-616F543FB326} = {BB9438EF-D0AC-4B9B-B077-09805A40E9FA}
		{030C88E9-EC06-8228-EE7C-15A595718D1E} = {BB9438EF-D0AC-4B9B-B077-09805A40E9FA}
		{1C2D66CE-DFCB-082C-FC3E-0348A484955F} = {BB9438EF-D0AC-4B9B-B077-09805A40E9FA}
		{08BD502F-1033-284C-AFE3-358918E74817} = {BB9438EF-D0AC-4B9B-B077-09805A40E9FA}
		{48EF2720-DC73-FC55-E65F-67EBDE95CA63} = {BB9438EF-D0AC-4B9B-B077-09805A40E9FA}
		{E1F63908-2421-7EE3-453C-9E52408D3C3E} = {BB9438EF-D0AC-4B9B-B077-09805A40E9FA}
		{FC41E435-9A78-DDE6-40BD-78FF8167AF06} = {BB9438EF-D0AC-4B9B-B077-09805A40E9FA}
		{588DBC0A-7C58-45CA-8246-C8FE4A6127C9} = {02EA681E-C7D8-13C7-8484-4AC65E1B71E8}
	EndGlobalSection
	GlobalSection(ExtensibilityGlobals) = postSolution
		SolutionGuid = {B4140F9E-D4FA-4411-9962-1F27F5DC3F02}
	EndGlobalSection
EndGlobal
